// !$*UTF8*$!
{
	archiveVersion = 1;
	classes = {
	};
	objectVersion = 52;
	objects = {

/* Begin PBXBuildFile section */
		5491713422E96BE800C13476 /* Swinject in Frameworks */ = {isa = PBXBuildFile; productRef = 5491713322E96BE800C13476 /* Swinject */; };
		5491713E22E96C6100C13476 /* SomeOtherFramework.h in Headers */ = {isa = PBXBuildFile; fileRef = 5491713C22E96C6100C13476 /* SomeOtherFramework.h */; settings = {ATTRIBUTES = (Public, ); }; };
		5491714122E96C6100C13476 /* SomeOtherFramework.framework in Frameworks */ = {isa = PBXBuildFile; fileRef = 5491713A22E96C6000C13476 /* SomeOtherFramework.framework */; };
		5491714222E96C6100C13476 /* SomeOtherFramework.framework in Embed Frameworks */ = {isa = PBXBuildFile; fileRef = 5491713A22E96C6000C13476 /* SomeOtherFramework.framework */; settings = {ATTRIBUTES = (CodeSignOnCopy, RemoveHeadersOnCopy, ); }; };
		5491714722E96C7800C13476 /* SomeOtherFrameworkStuff.swift in Sources */ = {isa = PBXBuildFile; fileRef = 5491714622E96C7800C13476 /* SomeOtherFrameworkStuff.swift */; };
		5491714922E96CB300C13476 /* SomeOtherFrameworkAssembly.swift in Sources */ = {isa = PBXBuildFile; fileRef = 5491714822E96CB300C13476 /* SomeOtherFrameworkAssembly.swift */; };
		5491714B22E96CF800C13476 /* Swinject in Frameworks */ = {isa = PBXBuildFile; productRef = 5491714A22E96CF800C13476 /* Swinject */; };
		5491714D22E96D7300C13476 /* Swinject in Frameworks */ = {isa = PBXBuildFile; productRef = 5491714C22E96D7300C13476 /* Swinject */; };
		54B6931A22E5E9E7002A4F05 /* SomeFramework.h in Headers */ = {isa = PBXBuildFile; fileRef = 54B6931822E5E9E7002A4F05 /* SomeFramework.h */; settings = {ATTRIBUTES = (Public, ); }; };
		54B6931D22E5E9E7002A4F05 /* SomeFramework.framework in Frameworks */ = {isa = PBXBuildFile; fileRef = 54B6931622E5E9E7002A4F05 /* SomeFramework.framework */; };
		54B6931E22E5E9E7002A4F05 /* SomeFramework.framework in Embed Frameworks */ = {isa = PBXBuildFile; fileRef = 54B6931622E5E9E7002A4F05 /* SomeFramework.framework */; settings = {ATTRIBUTES = (CodeSignOnCopy, RemoveHeadersOnCopy, ); }; };
		54B6932422E5E9FA002A4F05 /* SomeFrameworkAssembly.swift in Sources */ = {isa = PBXBuildFile; fileRef = 54B6932322E5E9FA002A4F05 /* SomeFrameworkAssembly.swift */; };
		54B6932922E5EAA0002A4F05 /* SomeFrameworkStuff.swift in Sources */ = {isa = PBXBuildFile; fileRef = 54B6932822E5EAA0002A4F05 /* SomeFrameworkStuff.swift */; };
		54B6932B22E5EC9C002A4F05 /* SwinjectDemoAssembly.swift in Sources */ = {isa = PBXBuildFile; fileRef = 54B6932A22E5EC9C002A4F05 /* SwinjectDemoAssembly.swift */; };
		54C2DD9422E5DDBF00C8922D /* AppDelegate.swift in Sources */ = {isa = PBXBuildFile; fileRef = 54C2DD9322E5DDBF00C8922D /* AppDelegate.swift */; };
		54C2DD9622E5DDBF00C8922D /* SceneDelegate.swift in Sources */ = {isa = PBXBuildFile; fileRef = 54C2DD9522E5DDBF00C8922D /* SceneDelegate.swift */; };
		54C2DD9822E5DDBF00C8922D /* ViewController.swift in Sources */ = {isa = PBXBuildFile; fileRef = 54C2DD9722E5DDBF00C8922D /* ViewController.swift */; };
		54C2DD9B22E5DDBF00C8922D /* Main.storyboard in Resources */ = {isa = PBXBuildFile; fileRef = 54C2DD9922E5DDBF00C8922D /* Main.storyboard */; };
		54C2DD9D22E5DDC100C8922D /* Assets.xcassets in Resources */ = {isa = PBXBuildFile; fileRef = 54C2DD9C22E5DDC100C8922D /* Assets.xcassets */; };
		54C2DDA022E5DDC100C8922D /* LaunchScreen.storyboard in Resources */ = {isa = PBXBuildFile; fileRef = 54C2DD9E22E5DDC100C8922D /* LaunchScreen.storyboard */; };
/* End PBXBuildFile section */

/* Begin PBXContainerItemProxy section */
		5491713F22E96C6100C13476 /* PBXContainerItemProxy */ = {
			isa = PBXContainerItemProxy;
			containerPortal = 54C2DD8822E5DDBF00C8922D /* Project object */;
			proxyType = 1;
			remoteGlobalIDString = 5491713922E96C6000C13476;
			remoteInfo = SomeOtherFramework;
		};
		54B6931B22E5E9E7002A4F05 /* PBXContainerItemProxy */ = {
			isa = PBXContainerItemProxy;
			containerPortal = 54C2DD8822E5DDBF00C8922D /* Project object */;
			proxyType = 1;
			remoteGlobalIDString = 54B6931522E5E9E7002A4F05;
			remoteInfo = SomeFramework;
		};
/* End PBXContainerItemProxy section */

/* Begin PBXCopyFilesBuildPhase section */
		54B6932222E5E9E7002A4F05 /* Embed Frameworks */ = {
			isa = PBXCopyFilesBuildPhase;
			buildActionMask = 2147483647;
			dstPath = "";
			dstSubfolderSpec = 10;
			files = (
				5491714222E96C6100C13476 /* SomeOtherFramework.framework in Embed Frameworks */,
				54B6931E22E5E9E7002A4F05 /* SomeFramework.framework in Embed Frameworks */,
			);
			name = "Embed Frameworks";
			runOnlyForDeploymentPostprocessing = 0;
		};
/* End PBXCopyFilesBuildPhase section */

/* Begin PBXFileReference section */
		5491713A22E96C6000C13476 /* SomeOtherFramework.framework */ = {isa = PBXFileReference; explicitFileType = wrapper.framework; includeInIndex = 0; path = SomeOtherFramework.framework; sourceTree = BUILT_PRODUCTS_DIR; };
		5491713C22E96C6100C13476 /* SomeOtherFramework.h */ = {isa = PBXFileReference; lastKnownFileType = sourcecode.c.h; path = SomeOtherFramework.h; sourceTree = "<group>"; };
		5491713D22E96C6100C13476 /* Info.plist */ = {isa = PBXFileReference; lastKnownFileType = text.plist.xml; path = Info.plist; sourceTree = "<group>"; };
		5491714622E96C7800C13476 /* SomeOtherFrameworkStuff.swift */ = {isa = PBXFileReference; lastKnownFileType = sourcecode.swift; path = SomeOtherFrameworkStuff.swift; sourceTree = "<group>"; };
		5491714822E96CB300C13476 /* SomeOtherFrameworkAssembly.swift */ = {isa = PBXFileReference; lastKnownFileType = sourcecode.swift; path = SomeOtherFrameworkAssembly.swift; sourceTree = "<group>"; };
		54B6931622E5E9E7002A4F05 /* SomeFramework.framework */ = {isa = PBXFileReference; explicitFileType = wrapper.framework; includeInIndex = 0; path = SomeFramework.framework; sourceTree = BUILT_PRODUCTS_DIR; };
		54B6931822E5E9E7002A4F05 /* SomeFramework.h */ = {isa = PBXFileReference; lastKnownFileType = sourcecode.c.h; path = SomeFramework.h; sourceTree = "<group>"; };
		54B6931922E5E9E7002A4F05 /* Info.plist */ = {isa = PBXFileReference; lastKnownFileType = text.plist.xml; path = Info.plist; sourceTree = "<group>"; };
		54B6932322E5E9FA002A4F05 /* SomeFrameworkAssembly.swift */ = {isa = PBXFileReference; lastKnownFileType = sourcecode.swift; path = SomeFrameworkAssembly.swift; sourceTree = "<group>"; };
		54B6932822E5EAA0002A4F05 /* SomeFrameworkStuff.swift */ = {isa = PBXFileReference; lastKnownFileType = sourcecode.swift; path = SomeFrameworkStuff.swift; sourceTree = "<group>"; };
		54B6932A22E5EC9C002A4F05 /* SwinjectDemoAssembly.swift */ = {isa = PBXFileReference; lastKnownFileType = sourcecode.swift; path = SwinjectDemoAssembly.swift; sourceTree = "<group>"; };
		54C2DD9022E5DDBF00C8922D /* SwinjectDemo.app */ = {isa = PBXFileReference; explicitFileType = wrapper.application; includeInIndex = 0; path = SwinjectDemo.app; sourceTree = BUILT_PRODUCTS_DIR; };
		54C2DD9322E5DDBF00C8922D /* AppDelegate.swift */ = {isa = PBXFileReference; lastKnownFileType = sourcecode.swift; path = AppDelegate.swift; sourceTree = "<group>"; };
		54C2DD9522E5DDBF00C8922D /* SceneDelegate.swift */ = {isa = PBXFileReference; lastKnownFileType = sourcecode.swift; path = SceneDelegate.swift; sourceTree = "<group>"; };
		54C2DD9722E5DDBF00C8922D /* ViewController.swift */ = {isa = PBXFileReference; lastKnownFileType = sourcecode.swift; path = ViewController.swift; sourceTree = "<group>"; };
		54C2DD9A22E5DDBF00C8922D /* Base */ = {isa = PBXFileReference; lastKnownFileType = file.storyboard; name = Base; path = Base.lproj/Main.storyboard; sourceTree = "<group>"; };
		54C2DD9C22E5DDC100C8922D /* Assets.xcassets */ = {isa = PBXFileReference; lastKnownFileType = folder.assetcatalog; path = Assets.xcassets; sourceTree = "<group>"; };
		54C2DD9F22E5DDC100C8922D /* Base */ = {isa = PBXFileReference; lastKnownFileType = file.storyboard; name = Base; path = Base.lproj/LaunchScreen.storyboard; sourceTree = "<group>"; };
		54C2DDA122E5DDC100C8922D /* Info.plist */ = {isa = PBXFileReference; lastKnownFileType = text.plist.xml; path = Info.plist; sourceTree = "<group>"; };
/* End PBXFileReference section */

/* Begin PBXFrameworksBuildPhase section */
		5491713722E96C6000C13476 /* Frameworks */ = {
			isa = PBXFrameworksBuildPhase;
			buildActionMask = 2147483647;
			files = (
				5491714B22E96CF800C13476 /* Swinject in Frameworks */,
			);
			runOnlyForDeploymentPostprocessing = 0;
		};
		54B6931322E5E9E7002A4F05 /* Frameworks */ = {
			isa = PBXFrameworksBuildPhase;
			buildActionMask = 2147483647;
			files = (
				5491713422E96BE800C13476 /* Swinject in Frameworks */,
			);
			runOnlyForDeploymentPostprocessing = 0;
		};
		54C2DD8D22E5DDBF00C8922D /* Frameworks */ = {
			isa = PBXFrameworksBuildPhase;
			buildActionMask = 2147483647;
			files = (
				5491714122E96C6100C13476 /* SomeOtherFramework.framework in Frameworks */,
				54B6931D22E5E9E7002A4F05 /* SomeFramework.framework in Frameworks */,
				5491714D22E96D7300C13476 /* Swinject in Frameworks */,
			);
			runOnlyForDeploymentPostprocessing = 0;
		};
/* End PBXFrameworksBuildPhase section */

/* Begin PBXGroup section */
		5491713B22E96C6100C13476 /* SomeOtherFramework */ = {
			isa = PBXGroup;
			children = (
				5491714822E96CB300C13476 /* SomeOtherFrameworkAssembly.swift */,
				5491714622E96C7800C13476 /* SomeOtherFrameworkStuff.swift */,
				5491713C22E96C6100C13476 /* SomeOtherFramework.h */,
				5491713D22E96C6100C13476 /* Info.plist */,
			);
			path = SomeOtherFramework;
			sourceTree = "<group>";
		};
		54B6931722E5E9E7002A4F05 /* SomeFramework */ = {
			isa = PBXGroup;
			children = (
				54B6932322E5E9FA002A4F05 /* SomeFrameworkAssembly.swift */,
				54B6932822E5EAA0002A4F05 /* SomeFrameworkStuff.swift */,
				54B6931822E5E9E7002A4F05 /* SomeFramework.h */,
				54B6931922E5E9E7002A4F05 /* Info.plist */,
			);
			path = SomeFramework;
			sourceTree = "<group>";
		};
		54B6932522E5EA17002A4F05 /* Frameworks */ = {
			isa = PBXGroup;
			children = (
			);
			name = Frameworks;
			sourceTree = "<group>";
		};
		54C2DD8722E5DDBF00C8922D = {
			isa = PBXGroup;
			children = (
				54C2DD9222E5DDBF00C8922D /* SwinjectDemo */,
				54B6931722E5E9E7002A4F05 /* SomeFramework */,
				5491713B22E96C6100C13476 /* SomeOtherFramework */,
				54C2DD9122E5DDBF00C8922D /* Products */,
				54B6932522E5EA17002A4F05 /* Frameworks */,
			);
			sourceTree = "<group>";
		};
		54C2DD9122E5DDBF00C8922D /* Products */ = {
			isa = PBXGroup;
			children = (
				54C2DD9022E5DDBF00C8922D /* SwinjectDemo.app */,
				54B6931622E5E9E7002A4F05 /* SomeFramework.framework */,
				5491713A22E96C6000C13476 /* SomeOtherFramework.framework */,
			);
			name = Products;
			sourceTree = "<group>";
		};
		54C2DD9222E5DDBF00C8922D /* SwinjectDemo */ = {
			isa = PBXGroup;
			children = (
				54B6932A22E5EC9C002A4F05 /* SwinjectDemoAssembly.swift */,
				54C2DD9322E5DDBF00C8922D /* AppDelegate.swift */,
				54C2DD9522E5DDBF00C8922D /* SceneDelegate.swift */,
				54C2DD9722E5DDBF00C8922D /* ViewController.swift */,
				54C2DD9922E5DDBF00C8922D /* Main.storyboard */,
				54C2DD9C22E5DDC100C8922D /* Assets.xcassets */,
				54C2DD9E22E5DDC100C8922D /* LaunchScreen.storyboard */,
				54C2DDA122E5DDC100C8922D /* Info.plist */,
			);
			path = SwinjectDemo;
			sourceTree = "<group>";
		};
/* End PBXGroup section */

/* Begin PBXHeadersBuildPhase section */
		5491713522E96C6000C13476 /* Headers */ = {
			isa = PBXHeadersBuildPhase;
			buildActionMask = 2147483647;
			files = (
				5491713E22E96C6100C13476 /* SomeOtherFramework.h in Headers */,
			);
			runOnlyForDeploymentPostprocessing = 0;
		};
		54B6931122E5E9E7002A4F05 /* Headers */ = {
			isa = PBXHeadersBuildPhase;
			buildActionMask = 2147483647;
			files = (
				54B6931A22E5E9E7002A4F05 /* SomeFramework.h in Headers */,
			);
			runOnlyForDeploymentPostprocessing = 0;
		};
/* End PBXHeadersBuildPhase section */

/* Begin PBXNativeTarget section */
		5491713922E96C6000C13476 /* SomeOtherFramework */ = {
			isa = PBXNativeTarget;
			buildConfigurationList = 5491714322E96C6100C13476 /* Build configuration list for PBXNativeTarget "SomeOtherFramework" */;
			buildPhases = (
				5491713522E96C6000C13476 /* Headers */,
				5491713622E96C6000C13476 /* Sources */,
				5491713722E96C6000C13476 /* Frameworks */,
				5491713822E96C6000C13476 /* Resources */,
			);
			buildRules = (
			);
			dependencies = (
			);
			name = SomeOtherFramework;
			packageProductDependencies = (
				5491714A22E96CF800C13476 /* Swinject */,
			);
			productName = SomeOtherFramework;
			productReference = 5491713A22E96C6000C13476 /* SomeOtherFramework.framework */;
			productType = "com.apple.product-type.framework";
		};
		54B6931522E5E9E7002A4F05 /* SomeFramework */ = {
			isa = PBXNativeTarget;
			buildConfigurationList = 54B6931F22E5E9E7002A4F05 /* Build configuration list for PBXNativeTarget "SomeFramework" */;
			buildPhases = (
				54B6931122E5E9E7002A4F05 /* Headers */,
				54B6931222E5E9E7002A4F05 /* Sources */,
				54B6931322E5E9E7002A4F05 /* Frameworks */,
				54B6931422E5E9E7002A4F05 /* Resources */,
			);
			buildRules = (
			);
			dependencies = (
			);
			name = SomeFramework;
			packageProductDependencies = (
				5491713322E96BE800C13476 /* Swinject */,
			);
			productName = SomeFramework;
			productReference = 54B6931622E5E9E7002A4F05 /* SomeFramework.framework */;
			productType = "com.apple.product-type.framework";
		};
		54C2DD8F22E5DDBF00C8922D /* SwinjectDemo */ = {
			isa = PBXNativeTarget;
			buildConfigurationList = 54C2DDA422E5DDC100C8922D /* Build configuration list for PBXNativeTarget "SwinjectDemo" */;
			buildPhases = (
				54C2DD8C22E5DDBF00C8922D /* Sources */,
				54C2DD8D22E5DDBF00C8922D /* Frameworks */,
				54C2DD8E22E5DDBF00C8922D /* Resources */,
				54B6932222E5E9E7002A4F05 /* Embed Frameworks */,
			);
			buildRules = (
			);
			dependencies = (
				54B6931C22E5E9E7002A4F05 /* PBXTargetDependency */,
				5491714022E96C6100C13476 /* PBXTargetDependency */,
			);
			name = SwinjectDemo;
			packageProductDependencies = (
				5491714C22E96D7300C13476 /* Swinject */,
			);
			productName = SwinjectDemo;
			productReference = 54C2DD9022E5DDBF00C8922D /* SwinjectDemo.app */;
			productType = "com.apple.product-type.application";
		};
/* End PBXNativeTarget section */

/* Begin PBXProject section */
		54C2DD8822E5DDBF00C8922D /* Project object */ = {
			isa = PBXProject;
			attributes = {
				LastSwiftUpdateCheck = 1100;
				LastUpgradeCheck = 1100;
				ORGANIZATIONNAME = "Gregor Dschung";
				TargetAttributes = {
					5491713922E96C6000C13476 = {
						CreatedOnToolsVersion = 11.0;
						LastSwiftMigration = 1100;
					};
					54B6931522E5E9E7002A4F05 = {
						CreatedOnToolsVersion = 11.0;
						LastSwiftMigration = 1100;
					};
					54C2DD8F22E5DDBF00C8922D = {
						CreatedOnToolsVersion = 11.0;
					};
				};
			};
			buildConfigurationList = 54C2DD8B22E5DDBF00C8922D /* Build configuration list for PBXProject "SwinjectDemo" */;
			compatibilityVersion = "Xcode 9.3";
			developmentRegion = en;
			hasScannedForEncodings = 0;
			knownRegions = (
				en,
				Base,
			);
			mainGroup = 54C2DD8722E5DDBF00C8922D;
			packageReferences = (
				54B6930E22E5E9B7002A4F05 /* XCRemoteSwiftPackageReference "Swinject" */,
			);
			productRefGroup = 54C2DD9122E5DDBF00C8922D /* Products */;
			projectDirPath = "";
			projectRoot = "";
			targets = (
				54C2DD8F22E5DDBF00C8922D /* SwinjectDemo */,
				54B6931522E5E9E7002A4F05 /* SomeFramework */,
				5491713922E96C6000C13476 /* SomeOtherFramework */,
			);
		};
/* End PBXProject section */

/* Begin PBXResourcesBuildPhase section */
		5491713822E96C6000C13476 /* Resources */ = {
			isa = PBXResourcesBuildPhase;
			buildActionMask = 2147483647;
			files = (
			);
			runOnlyForDeploymentPostprocessing = 0;
		};
		54B6931422E5E9E7002A4F05 /* Resources */ = {
			isa = PBXResourcesBuildPhase;
			buildActionMask = 2147483647;
			files = (
			);
			runOnlyForDeploymentPostprocessing = 0;
		};
		54C2DD8E22E5DDBF00C8922D /* Resources */ = {
			isa = PBXResourcesBuildPhase;
			buildActionMask = 2147483647;
			files = (
				54C2DDA022E5DDC100C8922D /* LaunchScreen.storyboard in Resources */,
				54C2DD9D22E5DDC100C8922D /* Assets.xcassets in Resources */,
				54C2DD9B22E5DDBF00C8922D /* Main.storyboard in Resources */,
			);
			runOnlyForDeploymentPostprocessing = 0;
		};
/* End PBXResourcesBuildPhase section */

/* Begin PBXSourcesBuildPhase section */
		5491713622E96C6000C13476 /* Sources */ = {
			isa = PBXSourcesBuildPhase;
			buildActionMask = 2147483647;
			files = (
				5491714922E96CB300C13476 /* SomeOtherFrameworkAssembly.swift in Sources */,
				5491714722E96C7800C13476 /* SomeOtherFrameworkStuff.swift in Sources */,
			);
			runOnlyForDeploymentPostprocessing = 0;
		};
		54B6931222E5E9E7002A4F05 /* Sources */ = {
			isa = PBXSourcesBuildPhase;
			buildActionMask = 2147483647;
			files = (
				54B6932422E5E9FA002A4F05 /* SomeFrameworkAssembly.swift in Sources */,
				54B6932922E5EAA0002A4F05 /* SomeFrameworkStuff.swift in Sources */,
			);
			runOnlyForDeploymentPostprocessing = 0;
		};
		54C2DD8C22E5DDBF00C8922D /* Sources */ = {
			isa = PBXSourcesBuildPhase;
			buildActionMask = 2147483647;
			files = (
				54C2DD9822E5DDBF00C8922D /* ViewController.swift in Sources */,
				54B6932B22E5EC9C002A4F05 /* SwinjectDemoAssembly.swift in Sources */,
				54C2DD9422E5DDBF00C8922D /* AppDelegate.swift in Sources */,
				54C2DD9622E5DDBF00C8922D /* SceneDelegate.swift in Sources */,
			);
			runOnlyForDeploymentPostprocessing = 0;
		};
/* End PBXSourcesBuildPhase section */

/* Begin PBXTargetDependency section */
		5491714022E96C6100C13476 /* PBXTargetDependency */ = {
			isa = PBXTargetDependency;
			target = 5491713922E96C6000C13476 /* SomeOtherFramework */;
			targetProxy = 5491713F22E96C6100C13476 /* PBXContainerItemProxy */;
		};
		54B6931C22E5E9E7002A4F05 /* PBXTargetDependency */ = {
			isa = PBXTargetDependency;
			target = 54B6931522E5E9E7002A4F05 /* SomeFramework */;
			targetProxy = 54B6931B22E5E9E7002A4F05 /* PBXContainerItemProxy */;
		};
/* End PBXTargetDependency section */

/* Begin PBXVariantGroup section */
		54C2DD9922E5DDBF00C8922D /* Main.storyboard */ = {
			isa = PBXVariantGroup;
			children = (
				54C2DD9A22E5DDBF00C8922D /* Base */,
			);
			name = Main.storyboard;
			sourceTree = "<group>";
		};
		54C2DD9E22E5DDC100C8922D /* LaunchScreen.storyboard */ = {
			isa = PBXVariantGroup;
			children = (
				54C2DD9F22E5DDC100C8922D /* Base */,
			);
			name = LaunchScreen.storyboard;
			sourceTree = "<group>";
		};
/* End PBXVariantGroup section */

/* Begin XCBuildConfiguration section */
		5491714422E96C6100C13476 /* Debug */ = {
			isa = XCBuildConfiguration;
			buildSettings = {
				CLANG_ENABLE_MODULES = YES;
				CODE_SIGN_STYLE = Automatic;
				CURRENT_PROJECT_VERSION = 1;
				DEFINES_MODULE = YES;
				DEVELOPMENT_TEAM = 4JZ2LG2YLH;
				DYLIB_COMPATIBILITY_VERSION = 1;
				DYLIB_CURRENT_VERSION = 1;
				DYLIB_INSTALL_NAME_BASE = "@rpath";
				INFOPLIST_FILE = SomeOtherFramework/Info.plist;
				INSTALL_PATH = "$(LOCAL_LIBRARY_DIR)/Frameworks";
				LD_RUNPATH_SEARCH_PATHS = (
					"$(inherited)",
					"@executable_path/Frameworks",
					"@loader_path/Frameworks",
				);
				PRODUCT_BUNDLE_IDENTIFIER = de.chkpnt.SomeOtherFramework;
				PRODUCT_NAME = "$(TARGET_NAME:c99extidentifier)";
				SKIP_INSTALL = YES;
				SWIFT_OPTIMIZATION_LEVEL = "-Onone";
				SWIFT_VERSION = 5.0;
				TARGETED_DEVICE_FAMILY = "1,2";
				VERSIONING_SYSTEM = "apple-generic";
				VERSION_INFO_PREFIX = "";
			};
			name = Debug;
		};
		5491714522E96C6100C13476 /* Release */ = {
			isa = XCBuildConfiguration;
			buildSettings = {
				CLANG_ENABLE_MODULES = YES;
				CODE_SIGN_STYLE = Automatic;
				CURRENT_PROJECT_VERSION = 1;
				DEFINES_MODULE = YES;
				DEVELOPMENT_TEAM = 4JZ2LG2YLH;
				DYLIB_COMPATIBILITY_VERSION = 1;
				DYLIB_CURRENT_VERSION = 1;
				DYLIB_INSTALL_NAME_BASE = "@rpath";
				INFOPLIST_FILE = SomeOtherFramework/Info.plist;
				INSTALL_PATH = "$(LOCAL_LIBRARY_DIR)/Frameworks";
				LD_RUNPATH_SEARCH_PATHS = (
					"$(inherited)",
					"@executable_path/Frameworks",
					"@loader_path/Frameworks",
				);
				PRODUCT_BUNDLE_IDENTIFIER = de.chkpnt.SomeOtherFramework;
				PRODUCT_NAME = "$(TARGET_NAME:c99extidentifier)";
				SKIP_INSTALL = YES;
				SWIFT_VERSION = 5.0;
				TARGETED_DEVICE_FAMILY = "1,2";
				VERSIONING_SYSTEM = "apple-generic";
				VERSION_INFO_PREFIX = "";
			};
			name = Release;
		};
		54B6932022E5E9E7002A4F05 /* Debug */ = {
			isa = XCBuildConfiguration;
			buildSettings = {
				CLANG_ENABLE_MODULES = YES;
				CODE_SIGN_STYLE = Automatic;
				CURRENT_PROJECT_VERSION = 1;
				DEFINES_MODULE = YES;
				DEVELOPMENT_TEAM = 4JZ2LG2YLH;
				DYLIB_COMPATIBILITY_VERSION = 1;
				DYLIB_CURRENT_VERSION = 1;
				DYLIB_INSTALL_NAME_BASE = "@rpath";
				INFOPLIST_FILE = SomeFramework/Info.plist;
				INSTALL_PATH = "$(LOCAL_LIBRARY_DIR)/Frameworks";
				LD_RUNPATH_SEARCH_PATHS = (
					"$(inherited)",
					"@executable_path/Frameworks",
					"@loader_path/Frameworks",
				);
				PRODUCT_BUNDLE_IDENTIFIER = de.chkpnt.SomeFramework;
				PRODUCT_NAME = "$(TARGET_NAME:c99extidentifier)";
				SKIP_INSTALL = YES;
				SWIFT_OPTIMIZATION_LEVEL = "-Onone";
				SWIFT_VERSION = 5.0;
				TARGETED_DEVICE_FAMILY = "1,2";
				VERSIONING_SYSTEM = "apple-generic";
				VERSION_INFO_PREFIX = "";
			};
			name = Debug;
		};
		54B6932122E5E9E7002A4F05 /* Release */ = {
			isa = XCBuildConfiguration;
			buildSettings = {
				CLANG_ENABLE_MODULES = YES;
				CODE_SIGN_STYLE = Automatic;
				CURRENT_PROJECT_VERSION = 1;
				DEFINES_MODULE = YES;
				DEVELOPMENT_TEAM = 4JZ2LG2YLH;
				DYLIB_COMPATIBILITY_VERSION = 1;
				DYLIB_CURRENT_VERSION = 1;
				DYLIB_INSTALL_NAME_BASE = "@rpath";
				INFOPLIST_FILE = SomeFramework/Info.plist;
				INSTALL_PATH = "$(LOCAL_LIBRARY_DIR)/Frameworks";
				LD_RUNPATH_SEARCH_PATHS = (
					"$(inherited)",
					"@executable_path/Frameworks",
					"@loader_path/Frameworks",
				);
				PRODUCT_BUNDLE_IDENTIFIER = de.chkpnt.SomeFramework;
				PRODUCT_NAME = "$(TARGET_NAME:c99extidentifier)";
				SKIP_INSTALL = YES;
				SWIFT_VERSION = 5.0;
				TARGETED_DEVICE_FAMILY = "1,2";
				VERSIONING_SYSTEM = "apple-generic";
				VERSION_INFO_PREFIX = "";
			};
			name = Release;
		};
		54C2DDA222E5DDC100C8922D /* Debug */ = {
			isa = XCBuildConfiguration;
			buildSettings = {
				ALWAYS_SEARCH_USER_PATHS = NO;
				CLANG_ANALYZER_NONNULL = YES;
				CLANG_ANALYZER_NUMBER_OBJECT_CONVERSION = YES_AGGRESSIVE;
				CLANG_CXX_LANGUAGE_STANDARD = "gnu++14";
				CLANG_CXX_LIBRARY = "libc++";
				CLANG_ENABLE_MODULES = YES;
				CLANG_ENABLE_OBJC_ARC = YES;
				CLANG_ENABLE_OBJC_WEAK = YES;
				CLANG_WARN_BLOCK_CAPTURE_AUTORELEASING = YES;
				CLANG_WARN_BOOL_CONVERSION = YES;
				CLANG_WARN_COMMA = YES;
				CLANG_WARN_CONSTANT_CONVERSION = YES;
				CLANG_WARN_DEPRECATED_OBJC_IMPLEMENTATIONS = YES;
				CLANG_WARN_DIRECT_OBJC_ISA_USAGE = YES_ERROR;
				CLANG_WARN_DOCUMENTATION_COMMENTS = YES;
				CLANG_WARN_EMPTY_BODY = YES;
				CLANG_WARN_ENUM_CONVERSION = YES;
				CLANG_WARN_INFINITE_RECURSION = YES;
				CLANG_WARN_INT_CONVERSION = YES;
				CLANG_WARN_NON_LITERAL_NULL_CONVERSION = YES;
				CLANG_WARN_OBJC_IMPLICIT_RETAIN_SELF = YES;
				CLANG_WARN_OBJC_LITERAL_CONVERSION = YES;
				CLANG_WARN_OBJC_ROOT_CLASS = YES_ERROR;
				CLANG_WARN_RANGE_LOOP_ANALYSIS = YES;
				CLANG_WARN_STRICT_PROTOTYPES = YES;
				CLANG_WARN_SUSPICIOUS_MOVE = YES;
				CLANG_WARN_UNGUARDED_AVAILABILITY = YES_AGGRESSIVE;
				CLANG_WARN_UNREACHABLE_CODE = YES;
				CLANG_WARN__DUPLICATE_METHOD_MATCH = YES;
				COPY_PHASE_STRIP = NO;
				DEBUG_INFORMATION_FORMAT = dwarf;
				ENABLE_STRICT_OBJC_MSGSEND = YES;
				ENABLE_TESTABILITY = YES;
				GCC_C_LANGUAGE_STANDARD = gnu11;
				GCC_DYNAMIC_NO_PIC = NO;
				GCC_NO_COMMON_BLOCKS = YES;
				GCC_OPTIMIZATION_LEVEL = 0;
				GCC_PREPROCESSOR_DEFINITIONS = (
					"DEBUG=1",
					"$(inherited)",
				);
				GCC_WARN_64_TO_32_BIT_CONVERSION = YES;
				GCC_WARN_ABOUT_RETURN_TYPE = YES_ERROR;
				GCC_WARN_UNDECLARED_SELECTOR = YES;
				GCC_WARN_UNINITIALIZED_AUTOS = YES_AGGRESSIVE;
				GCC_WARN_UNUSED_FUNCTION = YES;
				GCC_WARN_UNUSED_VARIABLE = YES;
				IPHONEOS_DEPLOYMENT_TARGET = 13.0;
				MTL_ENABLE_DEBUG_INFO = INCLUDE_SOURCE;
				MTL_FAST_MATH = YES;
				ONLY_ACTIVE_ARCH = YES;
				SDKROOT = iphoneos;
				SWIFT_ACTIVE_COMPILATION_CONDITIONS = DEBUG;
				SWIFT_OPTIMIZATION_LEVEL = "-Onone";
			};
			name = Debug;
		};
		54C2DDA322E5DDC100C8922D /* Release */ = {
			isa = XCBuildConfiguration;
			buildSettings = {
				ALWAYS_SEARCH_USER_PATHS = NO;
				CLANG_ANALYZER_NONNULL = YES;
				CLANG_ANALYZER_NUMBER_OBJECT_CONVERSION = YES_AGGRESSIVE;
				CLANG_CXX_LANGUAGE_STANDARD = "gnu++14";
				CLANG_CXX_LIBRARY = "libc++";
				CLANG_ENABLE_MODULES = YES;
				CLANG_ENABLE_OBJC_ARC = YES;
				CLANG_ENABLE_OBJC_WEAK = YES;
				CLANG_WARN_BLOCK_CAPTURE_AUTORELEASING = YES;
				CLANG_WARN_BOOL_CONVERSION = YES;
				CLANG_WARN_COMMA = YES;
				CLANG_WARN_CONSTANT_CONVERSION = YES;
				CLANG_WARN_DEPRECATED_OBJC_IMPLEMENTATIONS = YES;
				CLANG_WARN_DIRECT_OBJC_ISA_USAGE = YES_ERROR;
				CLANG_WARN_DOCUMENTATION_COMMENTS = YES;
				CLANG_WARN_EMPTY_BODY = YES;
				CLANG_WARN_ENUM_CONVERSION = YES;
				CLANG_WARN_INFINITE_RECURSION = YES;
				CLANG_WARN_INT_CONVERSION = YES;
				CLANG_WARN_NON_LITERAL_NULL_CONVERSION = YES;
				CLANG_WARN_OBJC_IMPLICIT_RETAIN_SELF = YES;
				CLANG_WARN_OBJC_LITERAL_CONVERSION = YES;
				CLANG_WARN_OBJC_ROOT_CLASS = YES_ERROR;
				CLANG_WARN_RANGE_LOOP_ANALYSIS = YES;
				CLANG_WARN_STRICT_PROTOTYPES = YES;
				CLANG_WARN_SUSPICIOUS_MOVE = YES;
				CLANG_WARN_UNGUARDED_AVAILABILITY = YES_AGGRESSIVE;
				CLANG_WARN_UNREACHABLE_CODE = YES;
				CLANG_WARN__DUPLICATE_METHOD_MATCH = YES;
				COPY_PHASE_STRIP = NO;
				DEBUG_INFORMATION_FORMAT = "dwarf-with-dsym";
				ENABLE_NS_ASSERTIONS = NO;
				ENABLE_STRICT_OBJC_MSGSEND = YES;
				GCC_C_LANGUAGE_STANDARD = gnu11;
				GCC_NO_COMMON_BLOCKS = YES;
				GCC_WARN_64_TO_32_BIT_CONVERSION = YES;
				GCC_WARN_ABOUT_RETURN_TYPE = YES_ERROR;
				GCC_WARN_UNDECLARED_SELECTOR = YES;
				GCC_WARN_UNINITIALIZED_AUTOS = YES_AGGRESSIVE;
				GCC_WARN_UNUSED_FUNCTION = YES;
				GCC_WARN_UNUSED_VARIABLE = YES;
				IPHONEOS_DEPLOYMENT_TARGET = 13.0;
				MTL_ENABLE_DEBUG_INFO = NO;
				MTL_FAST_MATH = YES;
				SDKROOT = iphoneos;
				SWIFT_COMPILATION_MODE = wholemodule;
				SWIFT_OPTIMIZATION_LEVEL = "-O";
				VALIDATE_PRODUCT = YES;
			};
			name = Release;
		};
		54C2DDA522E5DDC100C8922D /* Debug */ = {
			isa = XCBuildConfiguration;
			buildSettings = {
				ALWAYS_EMBED_SWIFT_STANDARD_LIBRARIES = YES;
				ASSETCATALOG_COMPILER_APPICON_NAME = AppIcon;
				CODE_SIGN_STYLE = Automatic;
				DEVELOPMENT_TEAM = 4JZ2LG2YLH;
				INFOPLIST_FILE = SwinjectDemo/Info.plist;
				LD_RUNPATH_SEARCH_PATHS = (
					"$(inherited)",
					"@executable_path/Frameworks",
				);
				PRODUCT_BUNDLE_IDENTIFIER = de.chkpnt.SwinjectDemo;
				PRODUCT_NAME = "$(TARGET_NAME)";
				SWIFT_VERSION = 5.0;
				TARGETED_DEVICE_FAMILY = "1,2";
			};
			name = Debug;
		};
		54C2DDA622E5DDC100C8922D /* Release */ = {
			isa = XCBuildConfiguration;
			buildSettings = {
				ALWAYS_EMBED_SWIFT_STANDARD_LIBRARIES = YES;
				ASSETCATALOG_COMPILER_APPICON_NAME = AppIcon;
				CODE_SIGN_STYLE = Automatic;
				DEVELOPMENT_TEAM = 4JZ2LG2YLH;
				INFOPLIST_FILE = SwinjectDemo/Info.plist;
				LD_RUNPATH_SEARCH_PATHS = (
					"$(inherited)",
					"@executable_path/Frameworks",
				);
				PRODUCT_BUNDLE_IDENTIFIER = de.chkpnt.SwinjectDemo;
				PRODUCT_NAME = "$(TARGET_NAME)";
				SWIFT_VERSION = 5.0;
				TARGETED_DEVICE_FAMILY = "1,2";
			};
			name = Release;
		};
/* End XCBuildConfiguration section */

/* Begin XCConfigurationList section */
		5491714322E96C6100C13476 /* Build configuration list for PBXNativeTarget "SomeOtherFramework" */ = {
			isa = XCConfigurationList;
			buildConfigurations = (
				5491714422E96C6100C13476 /* Debug */,
				5491714522E96C6100C13476 /* Release */,
			);
			defaultConfigurationIsVisible = 0;
			defaultConfigurationName = Release;
		};
		54B6931F22E5E9E7002A4F05 /* Build configuration list for PBXNativeTarget "SomeFramework" */ = {
			isa = XCConfigurationList;
			buildConfigurations = (
				54B6932022E5E9E7002A4F05 /* Debug */,
				54B6932122E5E9E7002A4F05 /* Release */,
			);
			defaultConfigurationIsVisible = 0;
			defaultConfigurationName = Release;
		};
		54C2DD8B22E5DDBF00C8922D /* Build configuration list for PBXProject "SwinjectDemo" */ = {
			isa = XCConfigurationList;
			buildConfigurations = (
				54C2DDA222E5DDC100C8922D /* Debug */,
				54C2DDA322E5DDC100C8922D /* Release */,
			);
			defaultConfigurationIsVisible = 0;
			defaultConfigurationName = Release;
		};
		54C2DDA422E5DDC100C8922D /* Build configuration list for PBXNativeTarget "SwinjectDemo" */ = {
			isa = XCConfigurationList;
			buildConfigurations = (
				54C2DDA522E5DDC100C8922D /* Debug */,
				54C2DDA622E5DDC100C8922D /* Release */,
			);
			defaultConfigurationIsVisible = 0;
			defaultConfigurationName = Release;
		};
/* End XCConfigurationList section */

/* Begin XCRemoteSwiftPackageReference section */
		54B6930E22E5E9B7002A4F05 /* XCRemoteSwiftPackageReference "Swinject" */ = {
			isa = XCRemoteSwiftPackageReference;
			repositoryURL = "https://github.com/Swinject/Swinject";
			requirement = {
				kind = exactVersion;
				version = 2.6.2;
			};
		};
/* End XCRemoteSwiftPackageReference section */

/* Begin XCSwiftPackageProductDependency section */
		5491713322E96BE800C13476 /* Swinject */ = {
			isa = XCSwiftPackageProductDependency;
			package = 54B6930E22E5E9B7002A4F05 /* XCRemoteSwiftPackageReference "Swinject" */;
			productName = Swinject;
		};
		5491714A22E96CF800C13476 /* Swinject */ = {
			isa = XCSwiftPackageProductDependency;
			package = 54B6930E22E5E9B7002A4F05 /* XCRemoteSwiftPackageReference "Swinject" */;
			productName = Swinject;
		};
		5491714C22E96D7300C13476 /* Swinject */ = {
			isa = XCSwiftPackageProductDependency;
			package = 54B6930E22E5E9B7002A4F05 /* XCRemoteSwiftPackageReference "Swinject" */;
			productName = Swinject;
		};
/* End XCSwiftPackageProductDependency section */
	};
	rootObject = 54C2DD8822E5DDBF00C8922D /* Project object */;
}
